
Microsoft Visual Studio Solution File, Format Version 12.00
# Visual Studio 2015
Project("{FAE04EC0-301F-11D3-BF4B-00C04F79EFBC}") = "Assign1.CSharp", "Assign1.CSharp.csproj", "{32085284-169E-7DE9-6D16-50570361C74A}"
EndProject
Global
	GlobalSection(SolutionConfigurationPlatforms) = preSolution
		Debug|Any CPU = Debug|Any CPU
		Release|Any CPU = Release|Any CPU
	EndGlobalSection
	GlobalSection(ProjectConfigurationPlatforms) = postSolution
		{32085284-169E-7DE9-6D16-50570361C74A}.Debug|Any CPU.ActiveCfg = Debug|Any CPU
		{32085284-169E-7DE9-6D16-50570361C74A}.Debug|Any CPU.Build.0 = Debug|Any CPU
		{32085284-169E-7DE9-6D16-50570361C74A}.Release|Any CPU.ActiveCfg = Release|Any CPU
		{32085284-169E-7DE9-6D16-50570361C74A}.Release|Any CPU.Build.0 = Release|Any CPU
	EndGlobalSection
	GlobalSection(SolutionProperties) = preSolution
		HideSolutionNode = FALSE
	EndGlobalSection
EndGlobal
